
Microsoft Visual Studio Solution File, Format Version 12.00
# Visual Studio 15
VisualStudioVersion = 15.0.27004.2009
MinimumVisualStudioVersion = 10.0.40219.1
Project("{FAE04EC0-301F-11D3-BF4B-00C04F79EFBC}") = "3PC", "3PC\3PC.csproj", "{1E97093F-D0C4-44B4-AE70-1A10280425F7}"
EndProject
Project("{9A19103F-16F7-4668-BE54-9A1E7A4F7556}") = "3PC.Shared", "3PCMessages\3PC.Shared.csproj", "{4FAF21B8-2EF2-4FD3-A670-95217AF7DB78}"
EndProject
Project("{FAE04EC0-301F-11D3-BF4B-00C04F79EFBC}") = "Cohort", "Cohort\Cohort.csproj", "{C63897F7-923A-4400-A407-50B9DD0511C9}"
EndProject
Global
	GlobalSection(SolutionConfigurationPlatforms) = preSolution
		Debug|Any CPU = Debug|Any CPU
		Release|Any CPU = Release|Any CPU
	EndGlobalSection
	GlobalSection(ProjectConfigurationPlatforms) = postSolution
		{1E97093F-D0C4-44B4-AE70-1A10280425F7}.Debug|Any CPU.ActiveCfg = Debug|Any CPU
		{1E97093F-D0C4-44B4-AE70-1A10280425F7}.Debug|Any CPU.Build.0 = Debug|Any CPU
		{1E97093F-D0C4-44B4-AE70-1A10280425F7}.Release|Any CPU.ActiveCfg = Release|Any CPU
		{1E97093F-D0C4-44B4-AE70-1A10280425F7}.Release|Any CPU.Build.0 = Release|Any CPU
		{4FAF21B8-2EF2-4FD3-A670-95217AF7DB78}.Debug|Any CPU.ActiveCfg = Debug|Any CPU
		{4FAF21B8-2EF2-4FD3-A670-95217AF7DB78}.Debug|Any CPU.Build.0 = Debug|Any CPU
		{4FAF21B8-2EF2-4FD3-A670-95217AF7DB78}.Release|Any CPU.ActiveCfg = Release|Any CPU
		{4FAF21B8-2EF2-4FD3-A670-95217AF7DB78}.Release|Any CPU.Build.0 = Release|Any CPU
		{C63897F7-923A-4400-A407-50B9DD0511C9}.Debug|Any CPU.ActiveCfg = Debug|Any CPU
		{C63897F7-923A-4400-A407-50B9DD0511C9}.Debug|Any CPU.Build.0 = Debug|Any CPU
		{C63897F7-923A-4400-A407-50B9DD0511C9}.Release|Any CPU.ActiveCfg = Release|Any CPU
		{C63897F7-923A-4400-A407-50B9DD0511C9}.Release|Any CPU.Build.0 = Release|Any CPU
	EndGlobalSection
	GlobalSection(SolutionProperties) = preSolution
		HideSolutionNode = FALSE
	EndGlobalSection
	GlobalSection(ExtensibilityGlobals) = postSolution
		SolutionGuid = {67AEF1F9-09F5-4CA6-ACC2-ADFC35FE551E}
	EndGlobalSection
EndGlobal
