
Microsoft Visual Studio Solution File, Format Version 12.00
# Visual Studio 15
VisualStudioVersion = 15.0.27004.2009
MinimumVisualStudioVersion = 10.0.40219.1
Project("{FAE04EC0-301F-11D3-BF4B-00C04F79EFBC}") = "3PC", "3PC\3PC.csproj", "{1E97093F-D0C4-44B4-AE70-1A10280425F7}"
EndProject
Global
	GlobalSection(SolutionConfigurationPlatforms) = preSolution
		Debug|Any CPU = Debug|Any CPU
		Release|Any CPU = Release|Any CPU
	EndGlobalSection
	GlobalSection(ProjectConfigurationPlatforms) = postSolution
		{1E97093F-D0C4-44B4-AE70-1A10280425F7}.Debug|Any CPU.ActiveCfg = Debug|Any CPU
		{1E97093F-D0C4-44B4-AE70-1A10280425F7}.Debug|Any CPU.Build.0 = Debug|Any CPU
		{1E97093F-D0C4-44B4-AE70-1A10280425F7}.Release|Any CPU.ActiveCfg = Release|Any CPU
		{1E97093F-D0C4-44B4-AE70-1A10280425F7}.Release|Any CPU.Build.0 = Release|Any CPU
	EndGlobalSection
	GlobalSection(SolutionProperties) = preSolution
		HideSolutionNode = FALSE
	EndGlobalSection
	GlobalSection(ExtensibilityGlobals) = postSolution
		SolutionGuid = {67AEF1F9-09F5-4CA6-ACC2-ADFC35FE551E}
	EndGlobalSection
EndGlobal
